
Microsoft Visual Studio Solution File, Format Version 12.00
# Visual Studio 15
VisualStudioVersion = 15.0.26124.0
MinimumVisualStudioVersion = 15.0.26124.0
Project("{FAE04EC0-301F-11D3-BF4B-00C04F79EFBC}") = "Torino", "src\Torino.csproj", "{C06D8402-B6C0-477A-946D-A08C9D5106B8}"
EndProject
Project("{FAE04EC0-301F-11D3-BF4B-00C04F79EFBC}") = "Torino.Tests", "test\Torino.Tests.csproj", "{FDE74855-4AF1-4772-A8AA-84129176DB68}"
EndProject
Project("{FAE04EC0-301F-11D3-BF4B-00C04F79EFBC}") = "Torino.Demo", "demo\Torino.Demo.csproj", "{91C1603F-D296-4759-9996-15EBBCAD1EBD}"
EndProject
Global
	GlobalSection(SolutionConfigurationPlatforms) = preSolution
		Debug|Any CPU = Debug|Any CPU
		Debug|x64 = Debug|x64
		Debug|x86 = Debug|x86
		Release|Any CPU = Release|Any CPU
		Release|x64 = Release|x64
		Release|x86 = Release|x86
	EndGlobalSection
	GlobalSection(SolutionProperties) = preSolution
		HideSolutionNode = FALSE
	EndGlobalSection
	GlobalSection(ProjectConfigurationPlatforms) = postSolution
		{C06D8402-B6C0-477A-946D-A08C9D5106B8}.Debug|Any CPU.ActiveCfg = Debug|Any CPU
		{C06D8402-B6C0-477A-946D-A08C9D5106B8}.Debug|Any CPU.Build.0 = Debug|Any CPU
		{C06D8402-B6C0-477A-946D-A08C9D5106B8}.Debug|x64.ActiveCfg = Debug|Any CPU
		{C06D8402-B6C0-477A-946D-A08C9D5106B8}.Debug|x64.Build.0 = Debug|Any CPU
		{C06D8402-B6C0-477A-946D-A08C9D5106B8}.Debug|x86.ActiveCfg = Debug|Any CPU
		{C06D8402-B6C0-477A-946D-A08C9D5106B8}.Debug|x86.Build.0 = Debug|Any CPU
		{C06D8402-B6C0-477A-946D-A08C9D5106B8}.Release|Any CPU.ActiveCfg = Release|Any CPU
		{C06D8402-B6C0-477A-946D-A08C9D5106B8}.Release|Any CPU.Build.0 = Release|Any CPU
		{C06D8402-B6C0-477A-946D-A08C9D5106B8}.Release|x64.ActiveCfg = Release|Any CPU
		{C06D8402-B6C0-477A-946D-A08C9D5106B8}.Release|x64.Build.0 = Release|Any CPU
		{C06D8402-B6C0-477A-946D-A08C9D5106B8}.Release|x86.ActiveCfg = Release|Any CPU
		{C06D8402-B6C0-477A-946D-A08C9D5106B8}.Release|x86.Build.0 = Release|Any CPU
		{FDE74855-4AF1-4772-A8AA-84129176DB68}.Debug|Any CPU.ActiveCfg = Debug|Any CPU
		{FDE74855-4AF1-4772-A8AA-84129176DB68}.Debug|Any CPU.Build.0 = Debug|Any CPU
		{FDE74855-4AF1-4772-A8AA-84129176DB68}.Debug|x64.ActiveCfg = Debug|Any CPU
		{FDE74855-4AF1-4772-A8AA-84129176DB68}.Debug|x64.Build.0 = Debug|Any CPU
		{FDE74855-4AF1-4772-A8AA-84129176DB68}.Debug|x86.ActiveCfg = Debug|Any CPU
		{FDE74855-4AF1-4772-A8AA-84129176DB68}.Debug|x86.Build.0 = Debug|Any CPU
		{FDE74855-4AF1-4772-A8AA-84129176DB68}.Release|Any CPU.ActiveCfg = Release|Any CPU
		{FDE74855-4AF1-4772-A8AA-84129176DB68}.Release|Any CPU.Build.0 = Release|Any CPU
		{FDE74855-4AF1-4772-A8AA-84129176DB68}.Release|x64.ActiveCfg = Release|Any CPU
		{FDE74855-4AF1-4772-A8AA-84129176DB68}.Release|x64.Build.0 = Release|Any CPU
		{FDE74855-4AF1-4772-A8AA-84129176DB68}.Release|x86.ActiveCfg = Release|Any CPU
		{FDE74855-4AF1-4772-A8AA-84129176DB68}.Release|x86.Build.0 = Release|Any CPU
		{91C1603F-D296-4759-9996-15EBBCAD1EBD}.Debug|Any CPU.ActiveCfg = Debug|Any CPU
		{91C1603F-D296-4759-9996-15EBBCAD1EBD}.Debug|Any CPU.Build.0 = Debug|Any CPU
		{91C1603F-D296-4759-9996-15EBBCAD1EBD}.Debug|x64.ActiveCfg = Debug|Any CPU
		{91C1603F-D296-4759-9996-15EBBCAD1EBD}.Debug|x64.Build.0 = Debug|Any CPU
		{91C1603F-D296-4759-9996-15EBBCAD1EBD}.Debug|x86.ActiveCfg = Debug|Any CPU
		{91C1603F-D296-4759-9996-15EBBCAD1EBD}.Debug|x86.Build.0 = Debug|Any CPU
		{91C1603F-D296-4759-9996-15EBBCAD1EBD}.Release|Any CPU.ActiveCfg = Release|Any CPU
		{91C1603F-D296-4759-9996-15EBBCAD1EBD}.Release|Any CPU.Build.0 = Release|Any CPU
		{91C1603F-D296-4759-9996-15EBBCAD1EBD}.Release|x64.ActiveCfg = Release|Any CPU
		{91C1603F-D296-4759-9996-15EBBCAD1EBD}.Release|x64.Build.0 = Release|Any CPU
		{91C1603F-D296-4759-9996-15EBBCAD1EBD}.Release|x86.ActiveCfg = Release|Any CPU
		{91C1603F-D296-4759-9996-15EBBCAD1EBD}.Release|x86.Build.0 = Release|Any CPU
	EndGlobalSection
EndGlobal
